buf.build/gen/go/bufbuild/protovalidate/protocolbuffers/go v1.36.1-20241127180247-a33202765966.1 h1:v223wh/bhlSHSc0tU9PXRWXHhkw3UWMtth7TmYGfHAQ=
buf.build/gen/go/bufbuild/protovalidate/protocolbuffers/go v1.36.1-20241127180247-a33202765966.1/go.mod h1:/zlFuuECgFgewxwW6qQKgvMJ07YZkWlVkcSxEhJprJw=
cel.dev/expr v0.18.0 h1:CJ6drgk+Hf96lkLikr4rFf19WrU0BOWEihyZnI2TAzo=
cel.dev/expr v0.18.0/go.mod h1:MrpN08Q+lEBs+bGYdLxxHkZoUSsCp0nSKTs0nTymJgw=
cloud.google.com/go v0.110.8/go.mod h1:Iz8AkXJf1qmxC3Oxoep8R1T36w8B92yU29PcBhHO5fk=
cloud.google.com/go/accessapproval v1.7.1/go.mod h1:JYczztsHRMK7NTXb6Xw+dwbs/WnOJxbo/2mTI+Kgg68=
cloud.google.com/go/accesscontextmanager v1.8.1/go.mod h1:JFJHfvuaTC+++1iL1coPiG1eu5D24db2wXCDWDjIrxo=
cloud.google.com/go/aiplatform v1.50.0/go.mod h1:IRc2b8XAMTa9ZmfJV1BCCQbieWWvDnP1A8znyz5N7y4=
cloud.google.com/go/analytics v0.21.3/go.mod h1:U8dcUtmDmjrmUTnnnRnI4m6zKn/yaA5N9RlEkYFHpQo=
cloud.google.com/go/apigateway v1.6.1/go.mod h1:ufAS3wpbRjqfZrzpvLC2oh0MFlpRJm2E/ts25yyqmXA=
cloud.google.com/go/apigeeconnect v1.6.1/go.mod h1:C4awq7x0JpLtrlQCr8AzVIzAaYgngRqWf9S5Uhg+wWs=
cloud.google.com/go/apigeeregistry v0.7.1/go.mod h1:1XgyjZye4Mqtw7T9TsY4NW10U7BojBvG4RMD+vRDrIw=
cloud.google.com/go/appengine v1.8.1/go.mod h1:6NJXGLVhZCN9aQ/AEDvmfzKEfoYBlfB80/BHiKVputY=
cloud.google.com/go/area120 v0.8.1/go.mod h1:BVfZpGpB7KFVNxPiQBuHkX6Ed0rS51xIgmGyjrAfzsg=
cloud.google.com/go/artifactregistry v1.14.1/go.mod h1:nxVdG19jTaSTu7yA7+VbWL346r3rIdkZ142BSQqhn5E=
cloud.google.com/go/asset v1.14.1/go.mod h1:4bEJ3dnHCqWCDbWJ/6Vn7GVI9LerSi7Rfdi03hd+WTQ=
cloud.google.com/go/assuredworkloads v1.11.1/go.mod h1:+F04I52Pgn5nmPG36CWFtxmav6+7Q+c5QyJoL18Lry0=
cloud.google.com/go/automl v1.13.1/go.mod h1:1aowgAHWYZU27MybSCFiukPO7xnyawv7pt3zK4bheQE=
cloud.google.com/go/baremetalsolution v1.2.0/go.mod h1:68wi9AwPYkEWIUT4SvSGS9UJwKzNpshjHsH4lzk8iOw=
cloud.google.com/go/batch v1.4.1/go.mod h1:KdBmDD61K0ovcxoRHGrN6GmOBWeAOyCgKD0Mugx4Fkk=
cloud.google.com/go/beyondcorp v1.0.0/go.mod h1:YhxDWw946SCbmcWo3fAhw3V4XZMSpQ/VYfcKGAEU8/4=
cloud.google.com/go/bigquery v1.55.0/go.mod h1:9Y5I3PN9kQWuid6183JFhOGOW3GcirA5LpsKCUn+2ec=
cloud.google.com/go/billing v1.17.0/go.mod h1:Z9+vZXEq+HwH7bhJkyI4OQcR6TSbeMrjlpEjO2vzY64=
cloud.google.com/go/binaryauthorization v1.7.0/go.mod h1:Zn+S6QqTMn6odcMU1zDZCJxPjU2tZPV1oDl45lWY154=
cloud.google.com/go/certificatemanager v1.7.1/go.mod h1:iW8J3nG6SaRYImIa+wXQ0g8IgoofDFRp5UMzaNk1UqI=
cloud.google.com/go/channel v1.17.0/go.mod h1:RpbhJsGi/lXWAUM1eF4IbQGbsfVlg2o8Iiy2/YLfVT0=
cloud.google.com/go/cloudbuild v1.14.0/go.mod h1:lyJg7v97SUIPq4RC2sGsz/9tNczhyv2AjML/ci4ulzU=
cloud.google.com/go/clouddms v1.7.0/go.mod h1:MW1dC6SOtI/tPNCciTsXtsGNEM0i0OccykPvv3hiYeM=
cloud.google.com/go/cloudtasks v1.12.1/go.mod h1:a9udmnou9KO2iulGscKR0qBYjreuX8oHwpmFsKspEvM=
cloud.google.com/go/compute v1.23.0/go.mod h1:4tCnrn48xsqlwSAiLf1HXMQk8CONslYbdiEZc9FEIbM=
cloud.google.com/go/compute/metadata v0.5.2/go.mod h1:C66sj2AluDcIqakBq/M8lw8/ybHgOZqin2obFxa/E5k=
cloud.google.com/go/contactcenterinsights v1.10.0/go.mod h1:bsg/R7zGLYMVxFFzfh9ooLTruLRCG9fnzhH9KznHhbM=
cloud.google.com/go/container v1.26.0/go.mod h1:YJCmRet6+6jnYYRS000T6k0D0xUXQgBSaJ7VwI8FBj4=
cloud.google.com/go/containeranalysis v0.11.0/go.mod h1:4n2e99ZwpGxpNcz+YsFT1dfOHPQFGcAC8FN2M2/ne/U=
cloud.google.com/go/datacatalog v1.17.1/go.mod h1:nCSYFHgtxh2MiEktWIz71s/X+7ds/UT9kp0PC7waCzE=
cloud.google.com/go/dataflow v0.9.1/go.mod h1:Wp7s32QjYuQDWqJPFFlnBKhkAtiFpMTdg00qGbnIHVw=
cloud.google.com/go/dataform v0.8.1/go.mod h1:3BhPSiw8xmppbgzeBbmDvmSWlwouuJkXsXsb8UBih9M=
cloud.google.com/go/datafusion v1.7.1/go.mod h1:KpoTBbFmoToDExJUso/fcCiguGDk7MEzOWXUsJo0wsI=
cloud.google.com/go/datalabeling v0.8.1/go.mod h1:XS62LBSVPbYR54GfYQsPXZjTW8UxCK2fkDciSrpRFdY=
cloud.google.com/go/dataplex v1.9.1/go.mod h1:7TyrDT6BCdI8/38Uvp0/ZxBslOslP2X2MPDucliyvSE=
cloud.google.com/go/dataproc/v2 v2.2.0/go.mod h1:lZR7AQtwZPvmINx5J87DSOOpTfof9LVZju6/Qo4lmcY=
cloud.google.com/go/dataqna v0.8.1/go.mod h1:zxZM0Bl6liMePWsHA8RMGAfmTG34vJMapbHAxQ5+WA8=
cloud.google.com/go/datastore v1.14.0/go.mod h1:GAeStMBIt9bPS7jMJA85kgkpsMkvseWWXiaHya9Jes8=
cloud.google.com/go/datastream v1.10.0/go.mod h1:hqnmr8kdUBmrnk65k5wNRoHSCYksvpdZIcZIEl8h43Q=
cloud.google.com/go/deploy v1.13.0/go.mod h1:tKuSUV5pXbn67KiubiUNUejqLs4f5cxxiCNCeyl0F2g=
cloud.google.com/go/dialogflow v1.43.0/go.mod h1:pDUJdi4elL0MFmt1REMvFkdsUTYSHq+rTCS8wg0S3+M=
cloud.google.com/go/dlp v1.10.1/go.mod h1:IM8BWz1iJd8njcNcG0+Kyd9OPnqnRNkDV8j42VT5KOI=
cloud.google.com/go/documentai v1.22.1/go.mod h1:LKs22aDHbJv7ufXuPypzRO7rG3ALLJxzdCXDPutw4Qc=
cloud.google.com/go/domains v0.9.1/go.mod h1:aOp1c0MbejQQ2Pjf1iJvnVyT+z6R6s8pX66KaCSDYfE=
cloud.google.com/go/edgecontainer v1.1.1/go.mod h1:O5bYcS//7MELQZs3+7mabRqoWQhXCzenBu0R8bz2rwk=
cloud.google.com/go/errorreporting v0.3.0/go.mod h1:xsP2yaAp+OAW4OIm60An2bbLpqIhKXdWR/tawvl7QzU=
cloud.google.com/go/essentialcontacts v1.6.2/go.mod h1:T2tB6tX+TRak7i88Fb2N9Ok3PvY3UNbUsMag9/BARh4=
cloud.google.com/go/eventarc v1.13.0/go.mod h1:mAFCW6lukH5+IZjkvrEss+jmt2kOdYlN8aMx3sRJiAI=
cloud.google.com/go/filestore v1.7.1/go.mod h1:y10jsorq40JJnjR/lQ8AfFbbcGlw3g+Dp8oN7i7FjV4=
cloud.google.com/go/firestore v1.13.0/go.mod h1:QojqqOh8IntInDUSTAh0c8ZsPYAr68Ma8c5DWOy8xb8=
cloud.google.com/go/functions v1.15.1/go.mod h1:P5yNWUTkyU+LvW/S9O6V+V423VZooALQlqoXdoPz5AE=
cloud.google.com/go/gkebackup v1.3.1/go.mod h1:vUDOu++N0U5qs4IhG1pcOnD1Mac79xWy6GoBFlWCWBU=
cloud.google.com/go/gkeconnect v0.8.1/go.mod h1:KWiK1g9sDLZqhxB2xEuPV8V9NYzrqTUmQR9shJHpOZw=
cloud.google.com/go/gkehub v0.14.1/go.mod h1:VEXKIJZ2avzrbd7u+zeMtW00Y8ddk/4V9511C9CQGTY=
cloud.google.com/go/gkemulticloud v1.0.0/go.mod h1:kbZ3HKyTsiwqKX7Yw56+wUGwwNZViRnxWK2DVknXWfw=
cloud.google.com/go/gsuiteaddons v1.6.1/go.mod h1:CodrdOqRZcLp5WOwejHWYBjZvfY0kOphkAKpF/3qdZY=
cloud.google.com/go/iam v1.1.2/go.mod h1:A5avdyVL2tCppe4unb0951eI9jreack+RJ0/d+KUZOU=
cloud.google.com/go/iap v1.9.0/go.mod h1:01OFxd1R+NFrg78S+hoPV5PxEzv22HXaNqUUlmNHFuY=
cloud.google.com/go/ids v1.4.1/go.mod h1:np41ed8YMU8zOgv53MMMoCntLTn2lF+SUzlM+O3u/jw=
cloud.google.com/go/iot v1.7.1/go.mod h1:46Mgw7ev1k9KqK1ao0ayW9h0lI+3hxeanz+L1zmbbbk=
cloud.google.com/go/kms v1.15.2/go.mod h1:3hopT4+7ooWRCjc2DxgnpESFxhIraaI2IpAVUEhbT/w=
cloud.google.com/go/language v1.11.0/go.mod h1:uDx+pFDdAKTY8ehpWbiXyQdz8tDSYLJbQcXsCkjYyvQ=
cloud.google.com/go/lifesciences v0.9.1/go.mod h1:hACAOd1fFbCGLr/+weUKRAJas82Y4vrL3O5326N//Wc=
cloud.google.com/go/logging v1.8.1/go.mod h1:TJjR+SimHwuC8MZ9cjByQulAMgni+RkXeI3wwctHJEI=
cloud.google.com/go/longrunning v0.5.1/go.mod h1:spvimkwdz6SPWKEt/XBij79E9fiTkHSQl/fRUUQJYJc=
cloud.google.com/go/managedidentities v1.6.1/go.mod h1:h/irGhTN2SkZ64F43tfGPMbHnypMbu4RB3yl8YcuEak=
cloud.google.com/go/maps v1.4.0/go.mod h1:6mWTUv+WhnOwAgjVsSW2QPPECmW+s3PcRyOa9vgG/5s=
cloud.google.com/go/mediatranslation v0.8.1/go.mod h1:L/7hBdEYbYHQJhX2sldtTO5SZZ1C1vkapubj0T2aGig=
cloud.google.com/go/memcache v1.10.1/go.mod h1:47YRQIarv4I3QS5+hoETgKO40InqzLP6kpNLvyXuyaA=
cloud.google.com/go/metastore v1.12.0/go.mod h1:uZuSo80U3Wd4zi6C22ZZliOUJ3XeM/MlYi/z5OAOWRA=
cloud.google.com/go/monitoring v1.16.0/go.mod h1:Ptp15HgAyM1fNICAojDMoNc/wUmn67mLHQfyqbw+poY=
cloud.google.com/go/networkconnectivity v1.13.0/go.mod h1:SAnGPes88pl7QRLUen2HmcBSE9AowVAcdug8c0RSBFk=
cloud.google.com/go/networkmanagement v1.9.0/go.mod h1:UTUaEU9YwbCAhhz3jEOHr+2/K/MrBk2XxOLS89LQzFw=
cloud.google.com/go/networksecurity v0.9.1/go.mod h1:MCMdxOKQ30wsBI1eI659f9kEp4wuuAueoC9AJKSPWZQ=
cloud.google.com/go/notebooks v1.10.0/go.mod h1:SOPYMZnttHxqot0SGSFSkRrwE29eqnKPBJFqgWmiK2k=
cloud.google.com/go/optimization v1.5.0/go.mod h1:evo1OvTxeBRBu6ydPlrIRizKY/LJKo/drDMMRKqGEUU=
cloud.google.com/go/orchestration v1.8.1/go.mod h1:4sluRF3wgbYVRqz7zJ1/EUNc90TTprliq9477fGobD8=
cloud.google.com/go/orgpolicy v1.11.1/go.mod h1:8+E3jQcpZJQliP+zaFfayC2Pg5bmhuLK755wKhIIUCE=
cloud.google.com/go/osconfig v1.12.1/go.mod h1:4CjBxND0gswz2gfYRCUoUzCm9zCABp91EeTtWXyz0tE=
cloud.google.com/go/oslogin v1.10.1/go.mod h1:x692z7yAue5nE7CsSnoG0aaMbNoRJRXO4sn73R+ZqAs=
cloud.google.com/go/phishingprotection v0.8.1/go.mod h1:AxonW7GovcA8qdEk13NfHq9hNx5KPtfxXNeUxTDxB6I=
cloud.google.com/go/policytroubleshooter v1.9.0/go.mod h1:+E2Lga7TycpeSTj2FsH4oXxTnrbHJGRlKhVZBLGgU64=
cloud.google.com/go/privatecatalog v0.9.1/go.mod h1:0XlDXW2unJXdf9zFz968Hp35gl/bhF4twwpXZAW50JA=
cloud.google.com/go/pubsub v1.33.0/go.mod h1:f+w71I33OMyxf9VpMVcZbnG5KSUkCOUHYpFd5U1GdRc=
cloud.google.com/go/pubsublite v1.8.1/go.mod h1:fOLdU4f5xldK4RGJrBMm+J7zMWNj/k4PxwEZXy39QS0=
cloud.google.com/go/recaptchaenterprise/v2 v2.7.2/go.mod h1:kR0KjsJS7Jt1YSyWFkseQ756D45kaYNTlDPPaRAvDBU=
cloud.google.com/go/recommendationengine v0.8.1/go.mod h1:MrZihWwtFYWDzE6Hz5nKcNz3gLizXVIDI/o3G1DLcrE=
cloud.google.com/go/recommender v1.11.0/go.mod h1:kPiRQhPyTJ9kyXPCG6u/dlPLbYfFlkwHNRwdzPVAoII=
cloud.google.com/go/redis v1.13.1/go.mod h1:VP7DGLpE91M6bcsDdMuyCm2hIpB6Vp2hI090Mfd1tcg=
cloud.google.com/go/resourcemanager v1.9.1/go.mod h1:dVCuosgrh1tINZ/RwBufr8lULmWGOkPS8gL5gqyjdT8=
cloud.google.com/go/resourcesettings v1.6.1/go.mod h1:M7mk9PIZrC5Fgsu1kZJci6mpgN8o0IUzVx3eJU3y4Jw=
cloud.google.com/go/retail v1.14.1/go.mod h1:y3Wv3Vr2k54dLNIrCzenyKG8g8dhvhncT2NcNjb/6gE=
cloud.google.com/go/run v1.2.0/go.mod h1:36V1IlDzQ0XxbQjUx6IYbw8H3TJnWvhii963WW3B/bo=
cloud.google.com/go/scheduler v1.10.1/go.mod h1:R63Ldltd47Bs4gnhQkmNDse5w8gBRrhObZ54PxgR2Oo=
cloud.google.com/go/secretmanager v1.11.1/go.mod h1:znq9JlXgTNdBeQk9TBW/FnR/W4uChEKGeqQWAJ8SXFw=
cloud.google.com/go/security v1.15.1/go.mod h1:MvTnnbsWnehoizHi09zoiZob0iCHVcL4AUBj76h9fXA=
cloud.google.com/go/securitycenter v1.23.0/go.mod h1:8pwQ4n+Y9WCWM278R8W3nF65QtY172h4S8aXyI9/hsQ=
cloud.google.com/go/servicedirectory v1.11.0/go.mod h1:Xv0YVH8s4pVOwfM/1eMTl0XJ6bzIOSLDt8f8eLaGOxQ=
cloud.google.com/go/shell v1.7.1/go.mod h1:u1RaM+huXFaTojTbW4g9P5emOrrmLE69KrxqQahKn4g=
cloud.google.com/go/spanner v1.49.0/go.mod h1:eGj9mQGK8+hkgSVbHNQ06pQ4oS+cyc4tXXd6Dif1KoM=
cloud.google.com/go/speech v1.19.0/go.mod h1:8rVNzU43tQvxDaGvqOhpDqgkJTFowBpDvCJ14kGlJYo=
cloud.google.com/go/storagetransfer v1.10.0/go.mod h1:DM4sTlSmGiNczmV6iZyceIh2dbs+7z2Ayg6YAiQlYfA=
cloud.google.com/go/talent v1.6.2/go.mod h1:CbGvmKCG61mkdjcqTcLOkb2ZN1SrQI8MDyma2l7VD24=
cloud.google.com/go/texttospeech v1.7.1/go.mod h1:m7QfG5IXxeneGqTapXNxv2ItxP/FS0hCZBwXYqucgSk=
cloud.google.com/go/tpu v1.6.1/go.mod h1:sOdcHVIgDEEOKuqUoi6Fq53MKHJAtOwtz0GuKsWSH3E=
cloud.google.com/go/trace v1.10.1/go.mod h1:gbtL94KE5AJLH3y+WVpfWILmqgc6dXcqgNXdOPAQTYk=
cloud.google.com/go/translate v1.9.0/go.mod h1:d1ZH5aaOA0CNhWeXeC8ujd4tdCFw8XoNWRljklu5RHs=
cloud.google.com/go/video v1.20.0/go.mod h1:U3G3FTnsvAGqglq9LxgqzOiBc/Nt8zis8S+850N2DUM=
cloud.google.com/go/videointelligence v1.11.1/go.mod h1:76xn/8InyQHarjTWsBR058SmlPCwQjgcvoW0aZykOvo=
cloud.google.com/go/vision/v2 v2.7.2/go.mod h1:jKa8oSYBWhYiXarHPvP4USxYANYUEdEsQrloLjrSwJU=
cloud.google.com/go/vmmigration v1.7.1/go.mod h1:WD+5z7a/IpZ5bKK//YmT9E047AD+rjycCAvyMxGJbro=
cloud.google.com/go/vmwareengine v1.0.0/go.mod h1:Px64x+BvjPZwWuc4HdmVhoygcXqEkGHXoa7uyfTgSI0=
cloud.google.com/go/vpcaccess v1.7.1/go.mod h1:FogoD46/ZU+JUBX9D606X21EnxiszYi2tArQwLY4SXs=
cloud.google.com/go/webrisk v1.9.1/go.mod h1:4GCmXKcOa2BZcZPn6DCEvE7HypmEJcJkr4mtM+sqYPc=
cloud.google.com/go/websecurityscanner v1.6.1/go.mod h1:Njgaw3rttgRHXzwCB8kgCYqv5/rGpFCsBOvPbYgszpg=
cloud.google.com/go/workflows v1.12.0/go.mod h1:PYhSk2b6DhZ508tj8HXKaBh+OFe+xdl0dHF/tJdzPQM=
github.com/GoogleCloudPlatform/opentelemetry-operations-go/detectors/gcp v1.24.2/go.mod h1:itPGVDKf9cC/ov4MdvJ2QZ0khw4bfoo9jzwTJlaxy2k=
github.com/antihax/optional v1.0.0/go.mod h1:uupD/76wgC+ih3iEmQUL+0Ugr19nfwCT1kdvxnR2qWY=
github.com/antlr4-go/antlr/v4 v4.13.0 h1:lxCg3LAv+EUK6t1i0y1V6/SLeUi0eKEKdhQAlS8TVTI=
github.com/antlr4-go/antlr/v4 v4.13.0/go.mod h1:pfChB/xh/Unjila75QW7+VU4TSnWnnk9UTnmpPaOR2g=
github.com/bufbuild/protovalidate-go v0.8.2 h1:sgzXHkHYP6HnAsL2Rd3I1JxkYUyEQUv9awU1PduMxbM=
github.com/bufbuild/protovalidate-go v0.8.2/go.mod h1:K6w8iPNAXBoIivVueSELbUeUl+MmeTQfCDSug85pn3M=
github.com/census-instrumentation/opencensus-proto v0.4.1/go.mod h1:4T9NM4+4Vw91VeyqjLS6ao50K5bOcLKN6Q42XnYaRYw=
github.com/cespare/xxhash/v2 v2.3.0/go.mod h1:VGX0DQ3Q6kWi7AoAeZDth3/j3BFtOZR5XLFGgcrjCOs=
github.com/cncf/xds/go v0.0.0-20240905190251-b4127c9b8d78/go.mod h1:W+zGtBO5Y1IgJhy4+A9GOqVhqLpfZi+vwmdNXUehLA8=
github.com/coreos/go-systemd/v22 v22.5.0/go.mod h1:Y58oyj3AT4RCenI/lSvhwexgC+NSVTIJ3seZv2GcEnc=
github.com/davecgh/go-spew v1.1.0/go.mod h1:J7Y8YcW2NihsgmVo/mv3lAwl/skON4iLHjSsI+c5H38=
github.com/davecgh/go-spew v1.1.1 h1:vj9j/u1bqnvCEfJOwUhtlOARqs3+rkHYY13jYWTU97c=
github.com/davecgh/go-spew v1.1.1/go.mod h1:J7Y8YcW2NihsgmVo/mv3lAwl/skON4iLHjSsI+c5H38=
github.com/envoyproxy/go-control-plane v0.13.1/go.mod h1:X45hY0mufo6Fd0KW3rqsGvQMw58jvjymeCzBU3mWyHw=
github.com/envoyproxy/protoc-gen-validate v1.1.0 h1:tntQDh69XqOCOZsDz0lVJQez/2L6Uu2PdjCQwWCJ3bM=
github.com/envoyproxy/protoc-gen-validate v1.1.0/go.mod h1:sXRDRVmzEbkM7CVcM06s9shE/m23dg3wzjl0UWqJ2q4=
github.com/go-logr/logr v1.4.2 h1:6pFjapn8bFcIbiKo3XT4j/BhANplGihG6tvd+8rYgrY=
github.com/go-logr/logr v1.4.2/go.mod h1:9T104GzyrTigFIr8wt5mBrctHMim0Nb2HLGrmQ40KvY=
github.com/go-logr/stdr v1.2.2 h1:hSWxHoqTgW2S2qGc0LTAI563KZ5YKYRhT3MFKZMbjag=
github.com/go-logr/stdr v1.2.2/go.mod h1:mMo/vtBO5dYbehREoey6XUKy/eSumjCCveDpRre4VKE=
github.com/godbus/dbus/v5 v5.0.4/go.mod h1:xhWf0FNVPg57R7Z0UbKHbJfkEywrmjJnf7w5xrFpKfA=
github.com/golang-jwt/jwt/v5 v5.2.1 h1:OuVbFODueb089Lh128TAcimifWaLhJwVflnrgM17wHk=
github.com/golang-jwt/jwt/v5 v5.2.1/go.mod h1:pqrtFR0X4osieyHYxtmOUWsAWrfe1Q5UVIyoH402zdk=
github.com/golang/glog v1.2.2/go.mod h1:6AhwSGph0fcJtXVM/PEHPqZlFeoLxhs7/t5UDAwmO+w=
github.com/golang/protobuf v1.5.4 h1:i7eJL8qZTpSEXOPTxNKhASYpMn+8e5Q6AdndVa1dWek=
github.com/golang/protobuf v1.5.4/go.mod h1:lnTiLA8Wa4RWRcIUkrtSVa5nRhsEGBg48fD6rSs7xps=
github.com/google/cel-go v0.22.1 h1:AfVXx3chM2qwoSbM7Da8g8hX8OVSkBFwX+rz2+PcK40=
github.com/google/cel-go v0.22.1/go.mod h1:BuznPXXfQDpXKWQ9sPW3TzlAJN5zzFe+i9tIs0yC4s8=
github.com/google/go-cmp v0.2.0/go.mod h1:oXzfMopK8JAjlY9xF4vHSVASa0yLyX7SntLO5aqRK0M=
github.com/google/go-cmp v0.6.0 h1:ofyhxvXcZhMsU5ulbFiLKl/XBFqE1GSq7atu8tAmTRI=
github.com/google/go-cmp v0.6.0/go.mod h1:17dUlkBOakJ0+DkrSSNjCkIjxS6bF9zb3elmeNGIjoY=
github.com/google/subcommands v1.2.0/go.mod h1:ZjhPrFU+Olkh9WazFPsl27BQ4UPiG37m3yTrtFlrHVk=
github.com/google/uuid v1.6.0 h1:NIvaJDMOsjHA8n1jAhLSgzrAzy1Hgr+hNrb57e+94F0=
github.com/google/uuid v1.6.0/go.mod h1:TIyPZe4MgqvfeYDBFedMoGGpEw/LqOeaOT+nhxU+yHo=
github.com/google/wire v0.6.0 h1:HBkoIh4BdSxoyo9PveV8giw7ZsaBOvzWKfcg/6MrVwI=
github.com/google/wire v0.6.0/go.mod h1:F4QhpQ9EDIdJ1Mbop/NZBRB+5yrR6qg3BnctaoUk6NA=
github.com/grpc-ecosystem/grpc-gateway/v2 v2.25.1 h1:VNqngBF40hVlDloBruUehVYC3ArSgIyScOAyMRqBxRg=
github.com/grpc-ecosystem/grpc-gateway/v2 v2.25.1/go.mod h1:RBRO7fro65R6tjKzYgLAFo0t1QEXY1Dp+i/bvpRiqiQ=
github.com/hashicorp/golang-lru/v2 v2.0.7 h1:a+bsQ5rvGLjzHuww6tVxozPZFVghXaHOwFs4luLUK2k=
github.com/hashicorp/golang-lru/v2 v2.0.7/go.mod h1:QeFd9opnmA6QUJc5vARoKUSoFhyfM2/ZepoAG6RGpeM=
github.com/kr/pretty v0.3.1/go.mod h1:hoEshYVHaxMs3cyo3Yncou5ZscifuDolrwPKZanG3xk=
github.com/kr/text v0.2.0/go.mod h1:eLer722TekiGuMkidMxC/pM04lWEeraHUUmBw8l2grE=
github.com/labstack/echo/v4 v4.13.3 h1:pwhpCPrTl5qry5HRdM5FwdXnhXSLSY+WE+YQSeCaafY=
github.com/labstack/echo/v4 v4.13.3/go.mod h1:o90YNEeQWjDozo584l7AwhJMHN0bOC4tAfg+Xox9q5g=
github.com/labstack/gommon v0.4.2 h1:F8qTUNXgG1+6WQmqoUWnz8WiEU60mXVVw0P4ht1WRA0=
github.com/labstack/gommon v0.4.2/go.mod h1:QlUFxVM+SNXhDL/Z7YhocGIBYOiwB0mXm1+1bAPHPyU=
github.com/mattn/go-colorable v0.1.13 h1:fFA4WZxdEF4tXPZVKMLwD8oUnCTTo08duU7wxecdEvA=
github.com/mattn/go-colorable v0.1.13/go.mod h1:7S9/ev0klgBDR4GtXTXX8a3vIGJpMovkB8vQcUbaXHg=
github.com/mattn/go-isatty v0.0.16/go.mod h1:kYGgaQfpe5nmfYZH+SKPsOc2e4SrIfOl2e/yFXSvRLM=
github.com/mattn/go-isatty v0.0.19/go.mod h1:W+V8PltTTMOvKvAeJH7IuucS94S2C6jfK/D7dTCTo3Y=
github.com/mattn/go-isatty v0.0.20 h1:xfD0iDuEKnDkl03q4limB+vH+GxLEtL/jb4xVJSWWEY=
github.com/mattn/go-isatty v0.0.20/go.mod h1:W+V8PltTTMOvKvAeJH7IuucS94S2C6jfK/D7dTCTo3Y=
github.com/pkg/errors v0.9.1 h1:FEBLx1zS214owpjy7qsBeixbURkuhQAwrK5UwLGTwt4=
github.com/pkg/errors v0.9.1/go.mod h1:bwawxfHBFNV+L2hUp1rHADufV3IMtnDRdf1r5NINEl0=
github.com/planetscale/vtprotobuf v0.6.1-0.20240319094008-0393e58bdf10/go.mod h1:t/avpk3KcrXxUnYOhZhMXJlSEyie6gQbtLq5NM3loB8=
github.com/pmezard/go-difflib v1.0.0 h1:4DBwDE0NGyQoBHbLQYPwSUPoCMWR5BEzIk/f1lZbAQM=
github.com/pmezard/go-difflib v1.0.0/go.mod h1:iKH77koFhYxTK1pcRnkKkqfTogsbg7gZNVY4sRDYZ/4=
github.com/rogpeppe/fastuuid v1.2.0/go.mod h1:jVj6XXZzXRy/MSR5jhDC/2q6DgLz+nrA6LYCDYWNEvQ=
github.com/rs/xid v1.5.0/go.mod h1:trrq9SKmegXys3aeAKXMUTdJsYXVwGY3RLcfgqegfbg=
github.com/rs/zerolog v1.33.0 h1:1cU2KZkvPxNyfgEmhHAz/1A9Bz+llsdYzklWFzgp0r8=
github.com/rs/zerolog v1.33.0/go.mod h1:/7mN4D5sKwJLZQ2b/znpjC3/GQWY/xaDXUM0kKWRHss=
github.com/soheilhy/cmux v0.1.5 h1:jjzc5WVemNEDTLwv9tlmemhC73tI08BNOIGwBOo10Js=
github.com/soheilhy/cmux v0.1.5/go.mod h1:T7TcVDs9LWfQgPlPsdngu6I6QIoyIFZDDC6sNE1GqG0=
github.com/stoewer/go-strcase v1.3.0 h1:g0eASXYtp+yvN9fK8sH94oCIk0fau9uV1/ZdJ0AVEzs=
github.com/stoewer/go-strcase v1.3.0/go.mod h1:fAH5hQ5pehh+j3nZfvwdk2RgEgQjAoM8wodgtPmh1xo=
github.com/stretchr/objx v0.1.0/go.mod h1:HFkY916IF+rwdDfMAkV7OtwuqBVzrE8GR6GFx+wExME=
github.com/stretchr/objx v0.4.0/go.mod h1:YvHI0jy2hoMjB+UWwv71VJQ9isScKT/TqJzVSSt89Yw=
github.com/stretchr/objx v0.5.0/go.mod h1:Yh+to48EsGEfYuaHDzXPcE3xhTkx73EhmCGUpEOglKo=
github.com/stretchr/testify v1.7.1/go.mod h1:6Fq8oRcR53rry900zMqJjRRixrwX3KX962/h/Wwjteg=
github.com/stretchr/testify v1.8.0/go.mod h1:yNjHg4UonilssWZ8iaSj1OCr/vHnekPRkoO+kdMU+MU=
github.com/stretchr/testify v1.8.1/go.mod h1:w2LPCIKwWwSfY2zedu0+kehJoqGctiVI29o6fzry7u4=
github.com/stretchr/testify v1.10.0 h1:Xv5erBjTwe/5IxqUQTdXv5kgmIvbHo3QQyRwhJsOfJA=
github.com/stretchr/testify v1.10.0/go.mod h1:r2ic/lqez/lEtzL7wO/rwa5dbSLXVDPFyf8C91i36aY=
github.com/valyala/bytebufferpool v1.0.0 h1:GqA5TC/0021Y/b9FG4Oi9Mr3q7XYx6KllzawFIhcdPw=
github.com/valyala/bytebufferpool v1.0.0/go.mod h1:6bBcMArwyJ5K/AmCkWv1jt77kVWyCJ6HpOuEn7z0Csc=
github.com/valyala/fasttemplate v1.2.2 h1:lxLXG0uE3Qnshl9QyaK6XJxMXlQZELvChBOCmQD0Loo=
github.com/valyala/fasttemplate v1.2.2/go.mod h1:KHLXt3tVN2HBp8eijSv/kGJopbvo7S+qRAEEKiv+SiQ=
github.com/yuin/goldmark v1.4.13/go.mod h1:6yULJ656Px+3vBD8DxQVa3kxgyrAnzto9xy5taEt/CY=
go.opentelemetry.io/contrib/detectors/gcp v1.31.0/go.mod h1:tzQL6E1l+iV44YFTkcAeNQqzXUiekSYP9jjJjXwEd00=
go.opentelemetry.io/otel v1.31.0 h1:NsJcKPIW0D0H3NgzPDHmo0WW6SptzPdqg/L1zsIm2hY=
go.opentelemetry.io/otel v1.31.0/go.mod h1:O0C14Yl9FgkjqcCZAsE053C13OaddMYr/hz6clDkEJE=
go.opentelemetry.io/otel/metric v1.31.0 h1:FSErL0ATQAmYHUIzSezZibnyVlft1ybhy4ozRPcF2fE=
go.opentelemetry.io/otel/metric v1.31.0/go.mod h1:C3dEloVbLuYoX41KpmAhOqNriGbA+qqH6PQ5E5mUfnY=
go.opentelemetry.io/otel/sdk v1.31.0 h1:xLY3abVHYZ5HSfOg3l2E5LUj2Cwva5Y7yGxnSW9H5Gk=
go.opentelemetry.io/otel/sdk v1.31.0/go.mod h1:TfRbMdhvxIIr/B2N2LQW2S5v9m3gOQ/08KsbbO5BPT0=
go.opentelemetry.io/otel/sdk/metric v1.31.0 h1:i9hxxLJF/9kkvfHppyLL55aW7iIJz4JjxTeYusH7zMc=
go.opentelemetry.io/otel/sdk/metric v1.31.0/go.mod h1:CRInTMVvNhUKgSAMbKyTMxqOBC0zgyxzW55lZzX43Y8=
go.opentelemetry.io/otel/trace v1.31.0 h1:ffjsj1aRouKewfr85U2aGagJ46+MvodynlQ1HYdmJys=
go.opentelemetry.io/otel/trace v1.31.0/go.mod h1:TXZkRk7SM2ZQLtR6eoAWQFIHPvzQ06FJAsO1tJg480A=
golang.org/x/crypto v0.0.0-20190308221718-c2843e01d9a2/go.mod h1:djNgcEr1/C05ACkg1iLfiJU5Ep61QUkGW8qpdssI0+w=
golang.org/x/crypto v0.0.0-20200622213623-75b288015ac9/go.mod h1:LzIPMQfyMNhhGPhUkYOs5KpL4U8rLKemX1yGLhDgUto=
golang.org/x/crypto v0.0.0-20210921155107-089bfa567519/go.mod h1:GvvjBRRGRdwPK5ydBHafDWAxML/pGHZbMvKqRZ5+Abc=
golang.org/x/crypto v0.13.0/go.mod h1:y6Z2r+Rw4iayiXXAIxJIDAJ1zMW4yaTpebo8fPOliYc=
golang.org/x/crypto v0.18.0/go.mod h1:R0j02AL6hcrfOiy9T4ZYp/rcWeMxM3L6QYxlOuEG1mg=
golang.org/x/crypto v0.31.0 h1:ihbySMvVjLAeSH1IbfcRTkD/iNscyz8rGzjF/E5hV6U=
golang.org/x/crypto v0.31.0/go.mod h1:kDsLvtWBEx7MV9tJOj9bnXsPbxwJQ6csT/x4KIN4Ssk=
golang.org/x/exp v0.0.0-20240325151524-a685a6edb6d8 h1:aAcj0Da7eBAtrTp03QXWvm88pSyOt+UgdZw2BFZ+lEw=
golang.org/x/exp v0.0.0-20240325151524-a685a6edb6d8/go.mod h1:CQ1k9gNrJ50XIzaKCRR2hssIjF07kZFEiieALBM/ARQ=
golang.org/x/mod v0.6.0-dev.0.20220419223038-86c51ed26bb4/go.mod h1:jJ57K6gSWd91VN4djpZkiMVwK6gcyfeH4XE8wZrZaV4=
golang.org/x/mod v0.8.0/go.mod h1:iBbtSCu2XBx23ZKBPSOrRkjjQPZFPuis4dIYUhu/chs=
golang.org/x/mod v0.12.0/go.mod h1:iBbtSCu2XBx23ZKBPSOrRkjjQPZFPuis4dIYUhu/chs=
golang.org/x/mod v0.14.0/go.mod h1:hTbmBsO62+eylJbnUtE2MGJUyE7QWk4xUqPFrRgJ+7c=
golang.org/x/mod v0.17.0/go.mod h1:hTbmBsO62+eylJbnUtE2MGJUyE7QWk4xUqPFrRgJ+7c=
golang.org/x/net v0.0.0-20190404232315-eb5bcb51f2a3/go.mod h1:t9HGtf8HONx5eT2rtn7q6eTqICYqUVnKs3thJo3Qplg=
golang.org/x/net v0.0.0-20190620200207-3b0461eec859/go.mod h1:z5CRVTTTmAJ677TzLLGU+0bjPO0LkuOLi4/5GtJWs/s=
golang.org/x/net v0.0.0-20201202161906-c7110b5ffcbb/go.mod h1:sp8m0HH+o8qH0wwXwYZr8TS3Oi6o0r6Gce1SSxlDquU=
golang.org/x/net v0.0.0-20210226172049-e18ecbb05110/go.mod h1:m0MpNAwzfU5UDzcl9v0D8zg8gWTRqZa9RBIspLL5mdg=
golang.org/x/net v0.0.0-20220722155237-a158d28d115b/go.mod h1:XRhObCWvk6IyKnWLug+ECip1KBveYUHfp+8e9klMJ9c=
golang.org/x/net v0.6.0/go.mod h1:2Tu9+aMcznHK/AK1HMvgo6xiTLG5rD5rZLDS+rp2Bjs=
golang.org/x/net v0.10.0/go.mod h1:0qNGK6F8kojg2nk9dLZ2mShWaEBan6FAoqfSigmmuDg=
golang.org/x/net v0.15.0/go.mod h1:idbUs1IY1+zTqbi8yxTbhexhEEk5ur9LInksu6HrEpk=
golang.org/x/net v0.20.0/go.mod h1:z8BVo6PvndSri0LbOE3hAn0apkU+1YvI6E70E9jsnvY=
golang.org/x/net v0.33.0 h1:74SYHlV8BIgHIFC/LrYkOGIwL19eTYXQ5wc6TBuO36I=
golang.org/x/net v0.33.0/go.mod h1:HXLR5J+9DxmrqMwG9qjGCxZ+zKXxBru04zlTvWlWuN4=
golang.org/x/oauth2 v0.24.0/go.mod h1:XYTD2NtWslqkgxebSiOHnXEap4TF09sJSc7H1sXbhtI=
golang.org/x/sync v0.0.0-20190423024810-112230192c58/go.mod h1:RxMgew5VJxzue5/jJTE5uejpjVlOe/izrB70Jof72aM=
golang.org/x/sync v0.0.0-20220722155255-886fb9371eb4/go.mod h1:RxMgew5VJxzue5/jJTE5uejpjVlOe/izrB70Jof72aM=
golang.org/x/sync v0.1.0/go.mod h1:RxMgew5VJxzue5/jJTE5uejpjVlOe/izrB70Jof72aM=
golang.org/x/sync v0.3.0/go.mod h1:FU7BRWz2tNW+3quACPkgCx/L+uEAv1htQ0V83Z9Rj+Y=
golang.org/x/sync v0.6.0/go.mod h1:Czt+wKu1gCyEFDUtn0jG5QVvpJ6rzVqr5aXyt9drQfk=
golang.org/x/sync v0.10.0/go.mod h1:Czt+wKu1gCyEFDUtn0jG5QVvpJ6rzVqr5aXyt9drQfk=
golang.org/x/sys v0.0.0-20190215142949-d0b11bdaac8a/go.mod h1:STP8DvDyc/dI5b8T5hshtkjS+E42TnysNCUPdjciGhY=
golang.org/x/sys v0.0.0-20190412213103-97732733099d/go.mod h1:h1NjWce9XRLGQEsW7wpKNCjG9DtNlClVuFLEZdDNbEs=
golang.org/x/sys v0.0.0-20200930185726-fdedc70b468f/go.mod h1:h1NjWce9XRLGQEsW7wpKNCjG9DtNlClVuFLEZdDNbEs=
golang.org/x/sys v0.0.0-20201119102817-f84b799fce68/go.mod h1:h1NjWce9XRLGQEsW7wpKNCjG9DtNlClVuFLEZdDNbEs=
golang.org/x/sys v0.0.0-20210615035016-665e8c7367d1/go.mod h1:oPkhp1MJrh7nUepCBck5+mAzfO9JrbApNNgaTdGDITg=
golang.org/x/sys v0.0.0-20220520151302-bc2c85ada10a/go.mod h1:oPkhp1MJrh7nUepCBck5+mAzfO9JrbApNNgaTdGDITg=
golang.org/x/sys v0.0.0-20220722155257-8c9f86f7a55f/go.mod h1:oPkhp1MJrh7nUepCBck5+mAzfO9JrbApNNgaTdGDITg=
golang.org/x/sys v0.0.0-20220811171246-fbc7d0a398ab/go.mod h1:oPkhp1MJrh7nUepCBck5+mAzfO9JrbApNNgaTdGDITg=
golang.org/x/sys v0.5.0/go.mod h1:oPkhp1MJrh7nUepCBck5+mAzfO9JrbApNNgaTdGDITg=
golang.org/x/sys v0.6.0/go.mod h1:oPkhp1MJrh7nUepCBck5+mAzfO9JrbApNNgaTdGDITg=
golang.org/x/sys v0.8.0/go.mod h1:oPkhp1MJrh7nUepCBck5+mAzfO9JrbApNNgaTdGDITg=
golang.org/x/sys v0.12.0/go.mod h1:oPkhp1MJrh7nUepCBck5+mAzfO9JrbApNNgaTdGDITg=
golang.org/x/sys v0.16.0/go.mod h1:/VUhepiaJMQUp4+oa/7Zr1D23ma6VTLIYjOOTFZPUcA=
golang.org/x/sys v0.28.0 h1:Fksou7UEQUWlKvIdsqzJmUmCX3cZuD2+P3XyyzwMhlA=
golang.org/x/sys v0.28.0/go.mod h1:/VUhepiaJMQUp4+oa/7Zr1D23ma6VTLIYjOOTFZPUcA=
golang.org/x/term v0.0.0-20201126162022-7de9c90e9dd1/go.mod h1:bj7SfCRtBDWHUb9snDiAeCFNEtKQo2Wmx5Cou7ajbmo=
golang.org/x/term v0.0.0-20210927222741-03fcf44c2211/go.mod h1:jbD1KX2456YbFQfuXm/mYQcufACuNUgVhRMnK/tPxf8=
golang.org/x/term v0.5.0/go.mod h1:jMB1sMXY+tzblOD4FWmEbocvup2/aLOaQEp7JmGp78k=
golang.org/x/term v0.8.0/go.mod h1:xPskH00ivmX89bAKVGSKKtLOWNx2+17Eiy94tnKShWo=
golang.org/x/term v0.12.0/go.mod h1:owVbMEjm3cBLCHdkQu9b1opXd4ETQWc3BhuQGKgXgvU=
golang.org/x/term v0.16.0/go.mod h1:yn7UURbUtPyrVJPGPq404EukNFxcm/foM+bV/bfcDsY=
golang.org/x/term v0.27.0/go.mod h1:iMsnZpn0cago0GOrHO2+Y7u7JPn5AylBrcoWkElMTSM=
golang.org/x/text v0.3.0/go.mod h1:NqM8EUOU14njkJ3fqMW+pc6Ldnwhi/IjpwHt7yyuwOQ=
golang.org/x/text v0.3.3/go.mod h1:5Zoc/QRtKVWzQhOtBMvqHzDpF6irO9z98xDceosuGiQ=
golang.org/x/text v0.3.7/go.mod h1:u+2+/6zg+i71rQMx5EYifcz6MCKuco9NR6JIITiCfzQ=
golang.org/x/text v0.7.0/go.mod h1:mrYo+phRRbMaCq/xk9113O4dZlRixOauAjOtrjsXDZ8=
golang.org/x/text v0.9.0/go.mod h1:e1OnstbJyHTd6l/uOt8jFFHp6TRDWZR/bV3emEE/zU8=
golang.org/x/text v0.13.0/go.mod h1:TvPlkZtksWOMsz7fbANvkp4WM8x/WCo/om8BMLbz+aE=
golang.org/x/text v0.14.0/go.mod h1:18ZOQIKpY8NJVqYksKHtTdi31H5itFRjB5/qKTNYzSU=
golang.org/x/text v0.21.0 h1:zyQAAkrwaneQ066sspRyJaG9VNi/YJ1NfzcGB3hZ/qo=
golang.org/x/text v0.21.0/go.mod h1:4IBbMaMmOPCJ8SecivzSH54+73PCFmPWxNTLm+vZkEQ=
golang.org/x/time v0.8.0 h1:9i3RxcPv3PZnitoVGMPDKZSq1xW1gK1Xy3ArNOGZfEg=
golang.org/x/time v0.8.0/go.mod h1:3BpzKBy/shNhVucY/MWOyx10tF3SFh9QdLuxbVysPQM=
golang.org/x/tools v0.0.0-20180917221912-90fa682c2a6e/go.mod h1:n7NCudcB/nEzxVGmLbDWY5pfWTLqBcC2KZ6jyYvM4mQ=
golang.org/x/tools v0.0.0-20191119224855-298f0cb1881e/go.mod h1:b+2E5dAYhXwXZwtnZ6UAqBI28+e2cm9otk0dWdXHAEo=
golang.org/x/tools v0.1.12/go.mod h1:hNGJHUnrk76NpqgfD5Aqm5Crs+Hm0VOH/i9J2+nxYbc=
golang.org/x/tools v0.6.0/go.mod h1:Xwgl3UAJ/d3gWutnCtw505GrjyAbvKui8lOU390QaIU=
golang.org/x/tools v0.13.0/go.mod h1:HvlwmtVNQAhOuCjW7xxvovg8wbNq7LwfXh/k7wXUl58=
golang.org/x/tools v0.17.0/go.mod h1:xsh6VxdV005rRVaS6SSAf9oiAqljS7UZUacMZ8Bnsps=
golang.org/x/tools v0.21.1-0.20240508182429-e35e4ccd0d2d/go.mod h1:aiJjzUbINMkxbQROHiO6hDPo2LHcIPhhQsa9DLh0yGk=
golang.org/x/xerrors v0.0.0-20190717185122-a985d3407aa7/go.mod h1:I/5z698sn9Ka8TeJc9MKroUUfqBBauWjQqLJ2OPfmY0=
golang.org/x/xerrors v0.0.0-20191204190536-9bdfabe68543/go.mod h1:I/5z698sn9Ka8TeJc9MKroUUfqBBauWjQqLJ2OPfmY0=
google.golang.org/genproto v0.0.0-20230920204549-e6e6cdab5c13 h1:vlzZttNJGVqTsRFU9AmdnrcO1Znh8Ew9kCD//yjigk0=
google.golang.org/genproto v0.0.0-20230920204549-e6e6cdab5c13/go.mod h1:CCviP9RmpZ1mxVr8MUjCnSiY09IbAXZxhLE6EhHIdPU=
google.golang.org/genproto/googleapis/api v0.0.0-20250102185135-69823020774d h1:H8tOf8XM88HvKqLTxe755haY6r1fqqzLbEnfrmLXlSA=
google.golang.org/genproto/googleapis/api v0.0.0-20250102185135-69823020774d/go.mod h1:2v7Z7gP2ZUOGsaFyxATQSRoBnKygqVq2Cwnvom7QiqY=
google.golang.org/genproto/googleapis/rpc v0.0.0-20241223144023-3abc09e42ca8 h1:TqExAhdPaB60Ux47Cn0oLV07rGnxZzIsaRhQaqS666A=
google.golang.org/genproto/googleapis/rpc v0.0.0-20241223144023-3abc09e42ca8/go.mod h1:lcTa1sDdWEIHMWlITnIczmw5w60CF9ffkb8Z+DVmmjA=
google.golang.org/grpc v1.69.2 h1:U3S9QEtbXC0bYNvRtcoklF3xGtLViumSYxWykJS+7AU=
google.golang.org/grpc v1.69.2/go.mod h1:vyjdE6jLBI76dgpDojsFGNaHlxdjXN9ghpnd2o7JGZ4=
google.golang.org/protobuf v1.36.1 h1:yBPeRvTftaleIgM3PZ/WBIZ7XM/eEYAaEyCwvyjq/gk=
google.golang.org/protobuf v1.36.1/go.mod h1:9fA7Ob0pmnwhb644+1+CVWFRbNajQ6iRojtC/QF5bRE=
gopkg.in/check.v1 v0.0.0-20161208181325-20d25e280405/go.mod h1:Co6ibVJAznAaIkqp8huTwlJQCZ016jof/cbN4VW5Yz0=
gopkg.in/check.v1 v1.0.0-20201130134442-10cb98267c6c/go.mod h1:JHkPIbrfpd72SG/EVd6muEfDQjcINNoR0C8j2r3qZ4Q=
gopkg.in/yaml.v3 v3.0.0-20200313102051-9f266ea9e77c/go.mod h1:K4uyk7z7BCEPqu6E+C64Yfv1cQ7kz7rIZviUmN+EgEM=
gopkg.in/yaml.v3 v3.0.1 h1:fxVm/GzAzEWqLHuvctI91KS9hhNmmWOoWu0XTYJS7CA=
gopkg.in/yaml.v3 v3.0.1/go.mod h1:K4uyk7z7BCEPqu6E+C64Yfv1cQ7kz7rIZviUmN+EgEM=
